lockfileVersion: 5.3

specifiers:
  '@sceneify/core': ^0.0.0-main-12576eac

dependencies:
  '@sceneify/core': 0.0.0-main-12576eac

packages:

  /@msgpack/msgpack/2.7.2:
    resolution: {integrity: sha512-rYEi46+gIzufyYUAoHDnRzkWGxajpD9vVXFQ3g1vbjrBm6P7MBmm+s/fqPa46sxa+8FOUdEuRQKaugo5a4JWpw==}
    engines: {node: '>= 10'}
    dev: false

  /@sceneify/core/0.0.0-main-12576eac:
    resolution: {integrity: sha512-WNshUoaOg4d7QbcWa9+UDWIQlqIKitV67mJEsbOXNfrDQ6w987AbNaZoO9KkCTPvpgHMsIYFzadK/jMo2a8sKw==}
    engines: {node: '>=12.17.0', npm: '>=6.13.0'}
    dependencies:
      next-tick: 1.1.0
      obs-websocket-js: 5.0.0-alpha.3
    transitivePeerDependencies:
      - bufferutil
      - supports-color
      - utf-8-validate
    dev: false

  /crypto-js/4.1.1:
    resolution: {integrity: sha512-o2JlM7ydqd3Qk9CA0L4NL6mTzU2sdx96a+oOfPu8Mkl/PK51vSyoi8/rQ8NknZtk44vq15lmhAj9CIAGwgeWKw==}
    dev: false

  /debug/4.3.4:
    resolution: {integrity: sha512-PRWFHuSU3eDtQJPvnNY7Jcket1j0t5OuOsFzPPzsekD52Zl8qUfFIPEiswXqIvHWGVHOgX+7G/vCNNhehwxfkQ==}
    engines: {node: '>=6.0'}
    peerDependencies:
      supports-color: '*'
    peerDependenciesMeta:
      supports-color:
        optional: true
    dependencies:
      ms: 2.1.2
    dev: false

  /eventemitter3/4.0.7:
    resolution: {integrity: sha512-8guHBZCwKnFhYdHr2ysuRWErTwhoN2X8XELRlrRwpmfeY2jjuUN4taQMsULKUVo1K4DvZl+0pgfyoysHxvmvEw==}
    dev: false

  /isomorphic-ws/4.0.1_ws@8.5.0:
    resolution: {integrity: sha512-BhBvN2MBpWTaSHdWRb/bwdZJ1WaehQ2L1KngkCkfLUGF0mAWAT1sQUQacEmQ0jXkFw/czDXPNQSL5u2/Krsz1w==}
    peerDependencies:
      ws: '*'
    dependencies:
      ws: 8.5.0
    dev: false

  /ms/2.1.2:
    resolution: {integrity: sha512-sGkPx+VjMtmA6MX27oA4FBFELFCZZ4S4XqeGOXCv68tT+jb3vk/RyaKWP0PTKyWtmLSM0b+adUTEvbs1PEaH2w==}
    dev: false

  /next-tick/1.1.0:
    resolution: {integrity: sha512-CXdUiJembsNjuToQvxayPZF9Vqht7hewsvy2sOWafLvi2awflj9mOC6bHIg50orX8IJvWKY9wYQ/zB2kogPslQ==}
    dev: false

  /obs-websocket-js/5.0.0-alpha.3:
    resolution: {integrity: sha512-UathHNRAY6VKhsvX51agNVHoIrZE4/9xRgchhe1RkyAv25pj1ebE5LZD6tj6vfUyyXj61W54wL9+r3Do+2BCEw==}
    engines: {node: '>12.0'}
    dependencies:
      '@msgpack/msgpack': 2.7.2
      crypto-js: 4.1.1
      debug: 4.3.4
      eventemitter3: 4.0.7
      isomorphic-ws: 4.0.1_ws@8.5.0
      type-fest: 2.12.1
      ws: 8.5.0
    transitivePeerDependencies:
      - bufferutil
      - supports-color
      - utf-8-validate
    dev: false

  /type-fest/2.12.1:
    resolution: {integrity: sha512-AiknQSEqKVGDDjtZqeKrUoTlcj7FKhupmnVUgz6KoOKtvMwRGE6hUNJ/nVear+h7fnUPO1q/htSkYKb1pyntkQ==}
    engines: {node: '>=12.20'}
    dev: false

  /ws/8.5.0:
    resolution: {integrity: sha512-BWX0SWVgLPzYwF8lTzEy1egjhS4S4OEAHfsO8o65WOVsrnSRGaSiUaa9e0ggGlkMTtBlmOpEXiie9RUcBO86qg==}
    engines: {node: '>=10.0.0'}
    peerDependencies:
      bufferutil: ^4.0.1
      utf-8-validate: ^5.0.2
    peerDependenciesMeta:
      bufferutil:
        optional: true
      utf-8-validate:
        optional: true
    dev: false
